{
  "nodes": {
    "nixpkgs": {
      "locked": {
        "lastModified": 1778737229,
        "narHash": "sha256-6xWoytx8jFW4PF1GjRm/i/53trbpKGfz6zjzQGBr4cI=",
        "owner": "NixOS",
        "repo": "nixpkgs",
        "rev": "d7a713c0b7e47c908258e71cba7a2d77cc8d71d5",
        "type": "github"
      },
      "original": {
        "owner": "NixOS",
        "ref": "nixos-25.11",
        "repo": "nixpkgs",
        "type": "github"
      }
    },
    "root": {
      "inputs": {
        "nixpkgs": "nixpkgs",
        "sandbox-runtime": "sandbox-runtime"
      }
    },
    "sandbox-runtime": {
      "flake": false,
      "locked": {
        "lastModified": 1779149957,
        "narHash": "sha256-EcRnx4j8YdBvhCNgWdfzvgP6SgvXQfqu8aNBjeM1YQM=",
        "owner": "anthropic-experimental",
        "repo": "sandbox-runtime",
        "rev": "0bc1e3cc958782d4e9a3cbe44dc617963558a474",
        "type": "github"
      },
      "original": {
        "owner": "anthropic-experimental",
        "ref": "v0.0.52",
        "repo": "sandbox-runtime",
        "type": "github"
      }
    }
  },
  "root": "root",
  "version": 7
}
